
Microsoft Visual Studio Solution File, Format Version 12.00
# Visual Studio Version 16
VisualStudioVersion = 16.0.30330.147
MinimumVisualStudioVersion = 10.0.40219.1
Project("{9A19103F-16F7-4668-BE54-9A1E7A4F7556}") = "Soccer.Common", "Soccer.Common\Soccer.Common.csproj", "{8F3EA30D-DAE4-4A26-8493-D48430AA8D4C}"
EndProject
Project("{9A19103F-16F7-4668-BE54-9A1E7A4F7556}") = "Soccer.Web", "Soccer.Web\Soccer.Web.csproj", "{200AD664-3354-4E50-A857-E9E9A9CB2CBC}"
EndProject
Project("{9A19103F-16F7-4668-BE54-9A1E7A4F7556}") = "Soccer.Prism", "Soccer.Prism\Soccer.Prism\Soccer.Prism.csproj", "{ACCBB0B8-23BF-431C-8A4B-DB90B405A126}"
EndProject
Project("{FAE04EC0-301F-11D3-BF4B-00C04F79EFBC}") = "Soccer.Prism.Android", "Soccer.Prism\Soccer.Prism.Android\Soccer.Prism.Android.csproj", "{060A0553-05F8-41D5-AC35-161003021678}"
EndProject
Project("{FAE04EC0-301F-11D3-BF4B-00C04F79EFBC}") = "Soccer.Prism.iOS", "Soccer.Prism\Soccer.Prism.iOS\Soccer.Prism.iOS.csproj", "{815CF90E-5556-4376-9851-CE705C8C5C6B}"
EndProject
Project("{FAE04EC0-301F-11D3-BF4B-00C04F79EFBC}") = "Soccer.Cross.Android", "Soccer.Cross.Android\Soccer.Cross.Android.csproj", "{BB6EF474-A191-405A-A100-C163951378B0}"
EndProject
Project("{FAE04EC0-301F-11D3-BF4B-00C04F79EFBC}") = "Soccer.Cross.iOS", "Soccer.Cross.iOS\Soccer.Cross.iOS.csproj", "{C214B7D1-ADEA-4EDD-9072-979A89D4F59B}"
EndProject
Global
	GlobalSection(SolutionConfigurationPlatforms) = preSolution
		Ad-Hoc|Any CPU = Ad-Hoc|Any CPU
		Ad-Hoc|iPhone = Ad-Hoc|iPhone
		Ad-Hoc|iPhoneSimulator = Ad-Hoc|iPhoneSimulator
		AppStore|Any CPU = AppStore|Any CPU
		AppStore|iPhone = AppStore|iPhone
		AppStore|iPhoneSimulator = AppStore|iPhoneSimulator
		Debug|Any CPU = Debug|Any CPU
		Debug|iPhone = Debug|iPhone
		Debug|iPhoneSimulator = Debug|iPhoneSimulator
		Release|Any CPU = Release|Any CPU
		Release|iPhone = Release|iPhone
		Release|iPhoneSimulator = Release|iPhoneSimulator
	EndGlobalSection
	GlobalSection(ProjectConfigurationPlatforms) = postSolution
		{8F3EA30D-DAE4-4A26-8493-D48430AA8D4C}.Ad-Hoc|Any CPU.ActiveCfg = Release|Any CPU
		{8F3EA30D-DAE4-4A26-8493-D48430AA8D4C}.Ad-Hoc|Any CPU.Build.0 = Release|Any CPU
		{8F3EA30D-DAE4-4A26-8493-D48430AA8D4C}.Ad-Hoc|iPhone.ActiveCfg = Release|Any CPU
		{8F3EA30D-DAE4-4A26-8493-D48430AA8D4C}.Ad-Hoc|iPhone.Build.0 = Release|Any CPU
		{8F3EA30D-DAE4-4A26-8493-D48430AA8D4C}.Ad-Hoc|iPhoneSimulator.ActiveCfg = Release|Any CPU
		{8F3EA30D-DAE4-4A26-8493-D48430AA8D4C}.Ad-Hoc|iPhoneSimulator.Build.0 = Release|Any CPU
		{8F3EA30D-DAE4-4A26-8493-D48430AA8D4C}.AppStore|Any CPU.ActiveCfg = Release|Any CPU
		{8F3EA30D-DAE4-4A26-8493-D48430AA8D4C}.AppStore|Any CPU.Build.0 = Release|Any CPU
		{8F3EA30D-DAE4-4A26-8493-D48430AA8D4C}.AppStore|iPhone.ActiveCfg = Release|Any CPU
		{8F3EA30D-DAE4-4A26-8493-D48430AA8D4C}.AppStore|iPhone.Build.0 = Release|Any CPU
		{8F3EA30D-DAE4-4A26-8493-D48430AA8D4C}.AppStore|iPhoneSimulator.ActiveCfg = Release|Any CPU
		{8F3EA30D-DAE4-4A26-8493-D48430AA8D4C}.AppStore|iPhoneSimulator.Build.0 = Release|Any CPU
		{8F3EA30D-DAE4-4A26-8493-D48430AA8D4C}.Debug|Any CPU.ActiveCfg = Debug|Any CPU
		{8F3EA30D-DAE4-4A26-8493-D48430AA8D4C}.Debug|Any CPU.Build.0 = Debug|Any CPU
		{8F3EA30D-DAE4-4A26-8493-D48430AA8D4C}.Debug|iPhone.ActiveCfg = Debug|Any CPU
		{8F3EA30D-DAE4-4A26-8493-D48430AA8D4C}.Debug|iPhone.Build.0 = Debug|Any CPU
		{8F3EA30D-DAE4-4A26-8493-D48430AA8D4C}.Debug|iPhoneSimulator.ActiveCfg = Debug|Any CPU
		{8F3EA30D-DAE4-4A26-8493-D48430AA8D4C}.Debug|iPhoneSimulator.Build.0 = Debug|Any CPU
		{8F3EA30D-DAE4-4A26-8493-D48430AA8D4C}.Release|Any CPU.ActiveCfg = Release|Any CPU
		{8F3EA30D-DAE4-4A26-8493-D48430AA8D4C}.Release|Any CPU.Build.0 = Release|Any CPU
		{8F3EA30D-DAE4-4A26-8493-D48430AA8D4C}.Release|iPhone.ActiveCfg = Release|Any CPU
		{8F3EA30D-DAE4-4A26-8493-D48430AA8D4C}.Release|iPhone.Build.0 = Release|Any CPU
		{8F3EA30D-DAE4-4A26-8493-D48430AA8D4C}.Release|iPhoneSimulator.ActiveCfg = Release|Any CPU
		{8F3EA30D-DAE4-4A26-8493-D48430AA8D4C}.Release|iPhoneSimulator.Build.0 = Release|Any CPU
		{200AD664-3354-4E50-A857-E9E9A9CB2CBC}.Ad-Hoc|Any CPU.ActiveCfg = Release|Any CPU
		{200AD664-3354-4E50-A857-E9E9A9CB2CBC}.Ad-Hoc|Any CPU.Build.0 = Release|Any CPU
		{200AD664-3354-4E50-A857-E9E9A9CB2CBC}.Ad-Hoc|iPhone.ActiveCfg = Release|Any CPU
		{200AD664-3354-4E50-A857-E9E9A9CB2CBC}.Ad-Hoc|iPhone.Build.0 = Release|Any CPU
		{200AD664-3354-4E50-A857-E9E9A9CB2CBC}.Ad-Hoc|iPhoneSimulator.ActiveCfg = Release|Any CPU
		{200AD664-3354-4E50-A857-E9E9A9CB2CBC}.Ad-Hoc|iPhoneSimulator.Build.0 = Release|Any CPU
		{200AD664-3354-4E50-A857-E9E9A9CB2CBC}.AppStore|Any CPU.ActiveCfg = Release|Any CPU
		{200AD664-3354-4E50-A857-E9E9A9CB2CBC}.AppStore|Any CPU.Build.0 = Release|Any CPU
		{200AD664-3354-4E50-A857-E9E9A9CB2CBC}.AppStore|iPhone.ActiveCfg = Release|Any CPU
		{200AD664-3354-4E50-A857-E9E9A9CB2CBC}.AppStore|iPhone.Build.0 = Release|Any CPU
		{200AD664-3354-4E50-A857-E9E9A9CB2CBC}.AppStore|iPhoneSimulator.ActiveCfg = Release|Any CPU
		{200AD664-3354-4E50-A857-E9E9A9CB2CBC}.AppStore|iPhoneSimulator.Build.0 = Release|Any CPU
		{200AD664-3354-4E50-A857-E9E9A9CB2CBC}.Debug|Any CPU.ActiveCfg = Debug|Any CPU
		{200AD664-3354-4E50-A857-E9E9A9CB2CBC}.Debug|Any CPU.Build.0 = Debug|Any CPU
		{200AD664-3354-4E50-A857-E9E9A9CB2CBC}.Debug|iPhone.ActiveCfg = Debug|Any CPU
		{200AD664-3354-4E50-A857-E9E9A9CB2CBC}.Debug|iPhone.Build.0 = Debug|Any CPU
		{200AD664-3354-4E50-A857-E9E9A9CB2CBC}.Debug|iPhoneSimulator.ActiveCfg = Debug|Any CPU
		{200AD664-3354-4E50-A857-E9E9A9CB2CBC}.Debug|iPhoneSimulator.Build.0 = Debug|Any CPU
		{200AD664-3354-4E50-A857-E9E9A9CB2CBC}.Release|Any CPU.ActiveCfg = Release|Any CPU
		{200AD664-3354-4E50-A857-E9E9A9CB2CBC}.Release|Any CPU.Build.0 = Release|Any CPU
		{200AD664-3354-4E50-A857-E9E9A9CB2CBC}.Release|iPhone.ActiveCfg = Release|Any CPU
		{200AD664-3354-4E50-A857-E9E9A9CB2CBC}.Release|iPhone.Build.0 = Release|Any CPU
		{200AD664-3354-4E50-A857-E9E9A9CB2CBC}.Release|iPhoneSimulator.ActiveCfg = Release|Any CPU
		{200AD664-3354-4E50-A857-E9E9A9CB2CBC}.Release|iPhoneSimulator.Build.0 = Release|Any CPU
		{ACCBB0B8-23BF-431C-8A4B-DB90B405A126}.Ad-Hoc|Any CPU.ActiveCfg = Debug|Any CPU
		{ACCBB0B8-23BF-431C-8A4B-DB90B405A126}.Ad-Hoc|Any CPU.Build.0 = Debug|Any CPU
		{ACCBB0B8-23BF-431C-8A4B-DB90B405A126}.Ad-Hoc|iPhone.ActiveCfg = Debug|Any CPU
		{ACCBB0B8-23BF-431C-8A4B-DB90B405A126}.Ad-Hoc|iPhone.Build.0 = Debug|Any CPU
		{ACCBB0B8-23BF-431C-8A4B-DB90B405A126}.Ad-Hoc|iPhoneSimulator.ActiveCfg = Debug|Any CPU
		{ACCBB0B8-23BF-431C-8A4B-DB90B405A126}.Ad-Hoc|iPhoneSimulator.Build.0 = Debug|Any CPU
		{ACCBB0B8-23BF-431C-8A4B-DB90B405A126}.AppStore|Any CPU.ActiveCfg = Debug|Any CPU
		{ACCBB0B8-23BF-431C-8A4B-DB90B405A126}.AppStore|Any CPU.Build.0 = Debug|Any CPU
		{ACCBB0B8-23BF-431C-8A4B-DB90B405A126}.AppStore|iPhone.ActiveCfg = Debug|Any CPU
		{ACCBB0B8-23BF-431C-8A4B-DB90B405A126}.AppStore|iPhone.Build.0 = Debug|Any CPU
		{ACCBB0B8-23BF-431C-8A4B-DB90B405A126}.AppStore|iPhoneSimulator.ActiveCfg = Debug|Any CPU
		{ACCBB0B8-23BF-431C-8A4B-DB90B405A126}.AppStore|iPhoneSimulator.Build.0 = Debug|Any CPU
		{ACCBB0B8-23BF-431C-8A4B-DB90B405A126}.Debug|Any CPU.ActiveCfg = Debug|Any CPU
		{ACCBB0B8-23BF-431C-8A4B-DB90B405A126}.Debug|Any CPU.Build.0 = Debug|Any CPU
		{ACCBB0B8-23BF-431C-8A4B-DB90B405A126}.Debug|iPhone.ActiveCfg = Debug|Any CPU
		{ACCBB0B8-23BF-431C-8A4B-DB90B405A126}.Debug|iPhone.Build.0 = Debug|Any CPU
		{ACCBB0B8-23BF-431C-8A4B-DB90B405A126}.Debug|iPhoneSimulator.ActiveCfg = Debug|Any CPU
		{ACCBB0B8-23BF-431C-8A4B-DB90B405A126}.Debug|iPhoneSimulator.Build.0 = Debug|Any CPU
		{ACCBB0B8-23BF-431C-8A4B-DB90B405A126}.Release|Any CPU.ActiveCfg = Release|Any CPU
		{ACCBB0B8-23BF-431C-8A4B-DB90B405A126}.Release|Any CPU.Build.0 = Release|Any CPU
		{ACCBB0B8-23BF-431C-8A4B-DB90B405A126}.Release|iPhone.ActiveCfg = Release|Any CPU
		{ACCBB0B8-23BF-431C-8A4B-DB90B405A126}.Release|iPhone.Build.0 = Release|Any CPU
		{ACCBB0B8-23BF-431C-8A4B-DB90B405A126}.Release|iPhoneSimulator.ActiveCfg = Release|Any CPU
		{ACCBB0B8-23BF-431C-8A4B-DB90B405A126}.Release|iPhoneSimulator.Build.0 = Release|Any CPU
		{060A0553-05F8-41D5-AC35-161003021678}.Ad-Hoc|Any CPU.ActiveCfg = Release|Any CPU
		{060A0553-05F8-41D5-AC35-161003021678}.Ad-Hoc|Any CPU.Build.0 = Release|Any CPU
		{060A0553-05F8-41D5-AC35-161003021678}.Ad-Hoc|Any CPU.Deploy.0 = Release|Any CPU
		{060A0553-05F8-41D5-AC35-161003021678}.Ad-Hoc|iPhone.ActiveCfg = Release|Any CPU
		{060A0553-05F8-41D5-AC35-161003021678}.Ad-Hoc|iPhone.Build.0 = Release|Any CPU
		{060A0553-05F8-41D5-AC35-161003021678}.Ad-Hoc|iPhone.Deploy.0 = Release|Any CPU
		{060A0553-05F8-41D5-AC35-161003021678}.Ad-Hoc|iPhoneSimulator.ActiveCfg = Release|Any CPU
		{060A0553-05F8-41D5-AC35-161003021678}.Ad-Hoc|iPhoneSimulator.Build.0 = Release|Any CPU
		{060A0553-05F8-41D5-AC35-161003021678}.Ad-Hoc|iPhoneSimulator.Deploy.0 = Release|Any CPU
		{060A0553-05F8-41D5-AC35-161003021678}.AppStore|Any CPU.ActiveCfg = Release|Any CPU
		{060A0553-05F8-41D5-AC35-161003021678}.AppStore|Any CPU.Build.0 = Release|Any CPU
		{060A0553-05F8-41D5-AC35-161003021678}.AppStore|Any CPU.Deploy.0 = Release|Any CPU
		{060A0553-05F8-41D5-AC35-161003021678}.AppStore|iPhone.ActiveCfg = Release|Any CPU
		{060A0553-05F8-41D5-AC35-161003021678}.AppStore|iPhone.Build.0 = Release|Any CPU
		{060A0553-05F8-41D5-AC35-161003021678}.AppStore|iPhone.Deploy.0 = Release|Any CPU
		{060A0553-05F8-41D5-AC35-161003021678}.AppStore|iPhoneSimulator.ActiveCfg = Release|Any CPU
		{060A0553-05F8-41D5-AC35-161003021678}.AppStore|iPhoneSimulator.Build.0 = Release|Any CPU
		{060A0553-05F8-41D5-AC35-161003021678}.AppStore|iPhoneSimulator.Deploy.0 = Release|Any CPU
		{060A0553-05F8-41D5-AC35-161003021678}.Debug|Any CPU.ActiveCfg = Debug|Any CPU
		{060A0553-05F8-41D5-AC35-161003021678}.Debug|Any CPU.Build.0 = Debug|Any CPU
		{060A0553-05F8-41D5-AC35-161003021678}.Debug|Any CPU.Deploy.0 = Debug|Any CPU
		{060A0553-05F8-41D5-AC35-161003021678}.Debug|iPhone.ActiveCfg = Debug|Any CPU
		{060A0553-05F8-41D5-AC35-161003021678}.Debug|iPhone.Build.0 = Debug|Any CPU
		{060A0553-05F8-41D5-AC35-161003021678}.Debug|iPhone.Deploy.0 = Debug|Any CPU
		{060A0553-05F8-41D5-AC35-161003021678}.Debug|iPhoneSimulator.ActiveCfg = Debug|Any CPU
		{060A0553-05F8-41D5-AC35-161003021678}.Debug|iPhoneSimulator.Build.0 = Debug|Any CPU
		{060A0553-05F8-41D5-AC35-161003021678}.Debug|iPhoneSimulator.Deploy.0 = Debug|Any CPU
		{060A0553-05F8-41D5-AC35-161003021678}.Release|Any CPU.ActiveCfg = Release|Any CPU
		{060A0553-05F8-41D5-AC35-161003021678}.Release|Any CPU.Build.0 = Release|Any CPU
		{060A0553-05F8-41D5-AC35-161003021678}.Release|Any CPU.Deploy.0 = Release|Any CPU
		{060A0553-05F8-41D5-AC35-161003021678}.Release|iPhone.ActiveCfg = Release|Any CPU
		{060A0553-05F8-41D5-AC35-161003021678}.Release|iPhone.Build.0 = Release|Any CPU
		{060A0553-05F8-41D5-AC35-161003021678}.Release|iPhone.Deploy.0 = Release|Any CPU
		{060A0553-05F8-41D5-AC35-161003021678}.Release|iPhoneSimulator.ActiveCfg = Release|Any CPU
		{060A0553-05F8-41D5-AC35-161003021678}.Release|iPhoneSimulator.Build.0 = Release|Any CPU
		{060A0553-05F8-41D5-AC35-161003021678}.Release|iPhoneSimulator.Deploy.0 = Release|Any CPU
		{815CF90E-5556-4376-9851-CE705C8C5C6B}.Ad-Hoc|Any CPU.ActiveCfg = Ad-Hoc|iPhone
		{815CF90E-5556-4376-9851-CE705C8C5C6B}.Ad-Hoc|iPhone.ActiveCfg = Ad-Hoc|iPhone
		{815CF90E-5556-4376-9851-CE705C8C5C6B}.Ad-Hoc|iPhone.Build.0 = Ad-Hoc|iPhone
		{815CF90E-5556-4376-9851-CE705C8C5C6B}.Ad-Hoc|iPhoneSimulator.ActiveCfg = Ad-Hoc|iPhoneSimulator
		{815CF90E-5556-4376-9851-CE705C8C5C6B}.Ad-Hoc|iPhoneSimulator.Build.0 = Ad-Hoc|iPhoneSimulator
		{815CF90E-5556-4376-9851-CE705C8C5C6B}.AppStore|Any CPU.ActiveCfg = AppStore|iPhone
		{815CF90E-5556-4376-9851-CE705C8C5C6B}.AppStore|iPhone.ActiveCfg = AppStore|iPhone
		{815CF90E-5556-4376-9851-CE705C8C5C6B}.AppStore|iPhone.Build.0 = AppStore|iPhone
		{815CF90E-5556-4376-9851-CE705C8C5C6B}.AppStore|iPhoneSimulator.ActiveCfg = AppStore|iPhoneSimulator
		{815CF90E-5556-4376-9851-CE705C8C5C6B}.AppStore|iPhoneSimulator.Build.0 = AppStore|iPhoneSimulator
		{815CF90E-5556-4376-9851-CE705C8C5C6B}.Debug|Any CPU.ActiveCfg = Debug|iPhone
		{815CF90E-5556-4376-9851-CE705C8C5C6B}.Debug|iPhone.ActiveCfg = Debug|iPhone
		{815CF90E-5556-4376-9851-CE705C8C5C6B}.Debug|iPhone.Build.0 = Debug|iPhone
		{815CF90E-5556-4376-9851-CE705C8C5C6B}.Debug|iPhoneSimulator.ActiveCfg = Debug|iPhoneSimulator
		{815CF90E-5556-4376-9851-CE705C8C5C6B}.Debug|iPhoneSimulator.Build.0 = Debug|iPhoneSimulator
		{815CF90E-5556-4376-9851-CE705C8C5C6B}.Release|Any CPU.ActiveCfg = Release|iPhone
		{815CF90E-5556-4376-9851-CE705C8C5C6B}.Release|iPhone.ActiveCfg = Release|iPhone
		{815CF90E-5556-4376-9851-CE705C8C5C6B}.Release|iPhone.Build.0 = Release|iPhone
		{815CF90E-5556-4376-9851-CE705C8C5C6B}.Release|iPhoneSimulator.ActiveCfg = Release|iPhoneSimulator
		{815CF90E-5556-4376-9851-CE705C8C5C6B}.Release|iPhoneSimulator.Build.0 = Release|iPhoneSimulator
		{BB6EF474-A191-405A-A100-C163951378B0}.Ad-Hoc|Any CPU.ActiveCfg = Release|Any CPU
		{BB6EF474-A191-405A-A100-C163951378B0}.Ad-Hoc|Any CPU.Build.0 = Release|Any CPU
		{BB6EF474-A191-405A-A100-C163951378B0}.Ad-Hoc|Any CPU.Deploy.0 = Release|Any CPU
		{BB6EF474-A191-405A-A100-C163951378B0}.Ad-Hoc|iPhone.ActiveCfg = Release|Any CPU
		{BB6EF474-A191-405A-A100-C163951378B0}.Ad-Hoc|iPhone.Build.0 = Release|Any CPU
		{BB6EF474-A191-405A-A100-C163951378B0}.Ad-Hoc|iPhone.Deploy.0 = Release|Any CPU
		{BB6EF474-A191-405A-A100-C163951378B0}.Ad-Hoc|iPhoneSimulator.ActiveCfg = Release|Any CPU
		{BB6EF474-A191-405A-A100-C163951378B0}.Ad-Hoc|iPhoneSimulator.Build.0 = Release|Any CPU
		{BB6EF474-A191-405A-A100-C163951378B0}.Ad-Hoc|iPhoneSimulator.Deploy.0 = Release|Any CPU
		{BB6EF474-A191-405A-A100-C163951378B0}.AppStore|Any CPU.ActiveCfg = Release|Any CPU
		{BB6EF474-A191-405A-A100-C163951378B0}.AppStore|Any CPU.Build.0 = Release|Any CPU
		{BB6EF474-A191-405A-A100-C163951378B0}.AppStore|Any CPU.Deploy.0 = Release|Any CPU
		{BB6EF474-A191-405A-A100-C163951378B0}.AppStore|iPhone.ActiveCfg = Release|Any CPU
		{BB6EF474-A191-405A-A100-C163951378B0}.AppStore|iPhone.Build.0 = Release|Any CPU
		{BB6EF474-A191-405A-A100-C163951378B0}.AppStore|iPhone.Deploy.0 = Release|Any CPU
		{BB6EF474-A191-405A-A100-C163951378B0}.AppStore|iPhoneSimulator.ActiveCfg = Release|Any CPU
		{BB6EF474-A191-405A-A100-C163951378B0}.AppStore|iPhoneSimulator.Build.0 = Release|Any CPU
		{BB6EF474-A191-405A-A100-C163951378B0}.AppStore|iPhoneSimulator.Deploy.0 = Release|Any CPU
		{BB6EF474-A191-405A-A100-C163951378B0}.Debug|Any CPU.ActiveCfg = Debug|Any CPU
		{BB6EF474-A191-405A-A100-C163951378B0}.Debug|Any CPU.Build.0 = Debug|Any CPU
		{BB6EF474-A191-405A-A100-C163951378B0}.Debug|Any CPU.Deploy.0 = Debug|Any CPU
		{BB6EF474-A191-405A-A100-C163951378B0}.Debug|iPhone.ActiveCfg = Debug|Any CPU
		{BB6EF474-A191-405A-A100-C163951378B0}.Debug|iPhone.Build.0 = Debug|Any CPU
		{BB6EF474-A191-405A-A100-C163951378B0}.Debug|iPhone.Deploy.0 = Debug|Any CPU
		{BB6EF474-A191-405A-A100-C163951378B0}.Debug|iPhoneSimulator.ActiveCfg = Debug|Any CPU
		{BB6EF474-A191-405A-A100-C163951378B0}.Debug|iPhoneSimulator.Build.0 = Debug|Any CPU
		{BB6EF474-A191-405A-A100-C163951378B0}.Debug|iPhoneSimulator.Deploy.0 = Debug|Any CPU
		{BB6EF474-A191-405A-A100-C163951378B0}.Release|Any CPU.ActiveCfg = Release|Any CPU
		{BB6EF474-A191-405A-A100-C163951378B0}.Release|Any CPU.Build.0 = Release|Any CPU
		{BB6EF474-A191-405A-A100-C163951378B0}.Release|Any CPU.Deploy.0 = Release|Any CPU
		{BB6EF474-A191-405A-A100-C163951378B0}.Release|iPhone.ActiveCfg = Release|Any CPU
		{BB6EF474-A191-405A-A100-C163951378B0}.Release|iPhone.Build.0 = Release|Any CPU
		{BB6EF474-A191-405A-A100-C163951378B0}.Release|iPhone.Deploy.0 = Release|Any CPU
		{BB6EF474-A191-405A-A100-C163951378B0}.Release|iPhoneSimulator.ActiveCfg = Release|Any CPU
		{BB6EF474-A191-405A-A100-C163951378B0}.Release|iPhoneSimulator.Build.0 = Release|Any CPU
		{BB6EF474-A191-405A-A100-C163951378B0}.Release|iPhoneSimulator.Deploy.0 = Release|Any CPU
		{C214B7D1-ADEA-4EDD-9072-979A89D4F59B}.Ad-Hoc|Any CPU.ActiveCfg = Release|iPhone
		{C214B7D1-ADEA-4EDD-9072-979A89D4F59B}.Ad-Hoc|Any CPU.Build.0 = Release|iPhone
		{C214B7D1-ADEA-4EDD-9072-979A89D4F59B}.Ad-Hoc|iPhone.ActiveCfg = Release|iPhone
		{C214B7D1-ADEA-4EDD-9072-979A89D4F59B}.Ad-Hoc|iPhone.Build.0 = Release|iPhone
		{C214B7D1-ADEA-4EDD-9072-979A89D4F59B}.Ad-Hoc|iPhoneSimulator.ActiveCfg = Release|iPhoneSimulator
		{C214B7D1-ADEA-4EDD-9072-979A89D4F59B}.Ad-Hoc|iPhoneSimulator.Build.0 = Release|iPhoneSimulator
		{C214B7D1-ADEA-4EDD-9072-979A89D4F59B}.AppStore|Any CPU.ActiveCfg = Release|iPhone
		{C214B7D1-ADEA-4EDD-9072-979A89D4F59B}.AppStore|Any CPU.Build.0 = Release|iPhone
		{C214B7D1-ADEA-4EDD-9072-979A89D4F59B}.AppStore|iPhone.ActiveCfg = Release|iPhone
		{C214B7D1-ADEA-4EDD-9072-979A89D4F59B}.AppStore|iPhone.Build.0 = Release|iPhone
		{C214B7D1-ADEA-4EDD-9072-979A89D4F59B}.AppStore|iPhoneSimulator.ActiveCfg = Release|iPhoneSimulator
		{C214B7D1-ADEA-4EDD-9072-979A89D4F59B}.AppStore|iPhoneSimulator.Build.0 = Release|iPhoneSimulator
		{C214B7D1-ADEA-4EDD-9072-979A89D4F59B}.Debug|Any CPU.ActiveCfg = Debug|iPhone
		{C214B7D1-ADEA-4EDD-9072-979A89D4F59B}.Debug|iPhone.ActiveCfg = Debug|iPhone
		{C214B7D1-ADEA-4EDD-9072-979A89D4F59B}.Debug|iPhone.Build.0 = Debug|iPhone
		{C214B7D1-ADEA-4EDD-9072-979A89D4F59B}.Debug|iPhoneSimulator.ActiveCfg = Debug|iPhoneSimulator
		{C214B7D1-ADEA-4EDD-9072-979A89D4F59B}.Debug|iPhoneSimulator.Build.0 = Debug|iPhoneSimulator
		{C214B7D1-ADEA-4EDD-9072-979A89D4F59B}.Release|Any CPU.ActiveCfg = Release|iPhone
		{C214B7D1-ADEA-4EDD-9072-979A89D4F59B}.Release|iPhone.ActiveCfg = Release|iPhone
		{C214B7D1-ADEA-4EDD-9072-979A89D4F59B}.Release|iPhone.Build.0 = Release|iPhone
		{C214B7D1-ADEA-4EDD-9072-979A89D4F59B}.Release|iPhoneSimulator.ActiveCfg = Release|iPhoneSimulator
		{C214B7D1-ADEA-4EDD-9072-979A89D4F59B}.Release|iPhoneSimulator.Build.0 = Release|iPhoneSimulator
	EndGlobalSection
	GlobalSection(SolutionProperties) = preSolution
		HideSolutionNode = FALSE
	EndGlobalSection
	GlobalSection(ExtensibilityGlobals) = postSolution
		SolutionGuid = {9E328BD5-FE72-4175-8B4A-1D24C1A4481F}
	EndGlobalSection
EndGlobal
